
Microsoft Visual Studio Solution File, Format Version 12.00
# Visual Studio Version 17
VisualStudioVersion = 17.8.34525.116
MinimumVisualStudioVersion = 10.0.40219.1
Project("{FAE04EC0-301F-11D3-BF4B-00C04F79EFBC}") = "AuthServices.API", "AuthServices.API\AuthServices.API.csproj", "{B1E48F99-3E24-415C-B2F6-9D4A2AED0B4C}"
EndProject
Global
	GlobalSection(SolutionConfigurationPlatforms) = preSolution
		Debug|Any CPU = Debug|Any CPU
		Release|Any CPU = Release|Any CPU
	EndGlobalSection
	GlobalSection(ProjectConfigurationPlatforms) = postSolution
		{B1E48F99-3E24-415C-B2F6-9D4A2AED0B4C}.Debug|Any CPU.ActiveCfg = Debug|Any CPU
		{B1E48F99-3E24-415C-B2F6-9D4A2AED0B4C}.Debug|Any CPU.Build.0 = Debug|Any CPU
		{B1E48F99-3E24-415C-B2F6-9D4A2AED0B4C}.Release|Any CPU.ActiveCfg = Release|Any CPU
		{B1E48F99-3E24-415C-B2F6-9D4A2AED0B4C}.Release|Any CPU.Build.0 = Release|Any CPU
	EndGlobalSection
	GlobalSection(SolutionProperties) = preSolution
		HideSolutionNode = FALSE
	EndGlobalSection
	GlobalSection(ExtensibilityGlobals) = postSolution
		SolutionGuid = {6F17D1EB-B24D-45D2-B48A-9ED6B98D0A91}
	EndGlobalSection
EndGlobal
